// !$*UTF8*$!
{
	archiveVersion = 1;
	classes = {
	};
	objectVersion = 50;
	objects = {

/* Begin PBXBuildFile section */
		244C63AC26C0071400BF0876 /* AppDelegate.swift in Sources */ = {isa = PBXBuildFile; fileRef = 244C63AB26C0071400BF0876 /* AppDelegate.swift */; };
		244C63AE26C0071400BF0876 /* SceneDelegate.swift in Sources */ = {isa = PBXBuildFile; fileRef = 244C63AD26C0071400BF0876 /* SceneDelegate.swift */; };
		244C63B026C0071400BF0876 /* ViewController.swift in Sources */ = {isa = PBXBuildFile; fileRef = 244C63AF26C0071400BF0876 /* ViewController.swift */; };
		244C63B326C0071400BF0876 /* Main.storyboard in Resources */ = {isa = PBXBuildFile; fileRef = 244C63B126C0071400BF0876 /* Main.storyboard */; };
		244C63B526C0071500BF0876 /* Assets.xcassets in Resources */ = {isa = PBXBuildFile; fileRef = 244C63B426C0071500BF0876 /* Assets.xcassets */; };
		244C63B826C0071500BF0876 /* LaunchScreen.storyboard in Resources */ = {isa = PBXBuildFile; fileRef = 244C63B626C0071500BF0876 /* LaunchScreen.storyboard */; };
		244C63C726C0314E00BF0876 /* Question.swift in Sources */ = {isa = PBXBuildFile; fileRef = 244C63C626C0314E00BF0876 /* Question.swift */; };
/* End PBXBuildFile section */

/* Begin PBXFileReference section */
		244C63A826C0071400BF0876 /* App2.5.app */ = {isa = PBXFileReference; explicitFileType = wrapper.application; includeInIndex = 0; path = App2.5.app; sourceTree = BUILT_PRODUCTS_DIR; };
		244C63AB26C0071400BF0876 /* AppDelegate.swift */ = {isa = PBXFileReference; lastKnownFileType = sourcecode.swift; path = AppDelegate.swift; sourceTree = "<group>"; };
		244C63AD26C0071400BF0876 /* SceneDelegate.swift */ = {isa = PBXFileReference; lastKnownFileType = sourcecode.swift; path = SceneDelegate.swift; sourceTree = "<group>"; };
		244C63AF26C0071400BF0876 /* ViewController.swift */ = {isa = PBXFileReference; lastKnownFileType = sourcecode.swift; path = ViewController.swift; sourceTree = "<group>"; };
		244C63B226C0071400BF0876 /* Base */ = {isa = PBXFileReference; lastKnownFileType = file.storyboard; name = Base; path = Base.lproj/Main.storyboard; sourceTree = "<group>"; };
		244C63B426C0071500BF0876 /* Assets.xcassets */ = {isa = PBXFileReference; lastKnownFileType = folder.assetcatalog; path = Assets.xcassets; sourceTree = "<group>"; };
		244C63B726C0071500BF0876 /* Base */ = {isa = PBXFileReference; lastKnownFileType = file.storyboard; name = Base; path = Base.lproj/LaunchScreen.storyboard; sourceTree = "<group>"; };
		244C63B926C0071500BF0876 /* Info.plist */ = {isa = PBXFileReference; lastKnownFileType = text.plist.xml; path = Info.plist; sourceTree = "<group>"; };
		244C63C626C0314E00BF0876 /* Question.swift */ = {isa = PBXFileReference; lastKnownFileType = sourcecode.swift; path = Question.swift; sourceTree = "<group>"; };
/* End PBXFileReference section */

/* Begin PBXFrameworksBuildPhase section */
		244C63A526C0071400BF0876 /* Frameworks */ = {
			isa = PBXFrameworksBuildPhase;
			buildActionMask = 2147483647;
			files = (
			);
			runOnlyForDeploymentPostprocessing = 0;
		};
/* End PBXFrameworksBuildPhase section */

/* Begin PBXGroup section */
		244C639F26C0071400BF0876 = {
			isa = PBXGroup;
			children = (
				244C63AA26C0071400BF0876 /* App2.5 */,
				244C63A926C0071400BF0876 /* Products */,
			);
			sourceTree = "<group>";
		};
		244C63A926C0071400BF0876 /* Products */ = {
			isa = PBXGroup;
			children = (
				244C63A826C0071400BF0876 /* App2.5.app */,
			);
			name = Products;
			sourceTree = "<group>";
		};
		244C63AA26C0071400BF0876 /* App2.5 */ = {
			isa = PBXGroup;
			children = (
				244C63C026C0078400BF0876 /* Models */,
				244C63BF26C0075F00BF0876 /* ViewControllers */,
				244C63C126C007A200BF0876 /* Storyboards */,
				244C63C326C0080A00BF0876 /* SupportFiles */,
				244C63C226C007D200BF0876 /* Resources */,
			);
			path = App2.5;
			sourceTree = "<group>";
		};
		244C63BF26C0075F00BF0876 /* ViewControllers */ = {
			isa = PBXGroup;
			children = (
				244C63AF26C0071400BF0876 /* ViewController.swift */,
			);
			path = ViewControllers;
			sourceTree = "<group>";
		};
		244C63C026C0078400BF0876 /* Models */ = {
			isa = PBXGroup;
			children = (
				244C63C626C0314E00BF0876 /* Question.swift */,
			);
			path = Models;
			sourceTree = "<group>";
		};
		244C63C126C007A200BF0876 /* Storyboards */ = {
			isa = PBXGroup;
			children = (
				244C63B126C0071400BF0876 /* Main.storyboard */,
				244C63B626C0071500BF0876 /* LaunchScreen.storyboard */,
			);
			path = Storyboards;
			sourceTree = "<group>";
		};
		244C63C226C007D200BF0876 /* Resources */ = {
			isa = PBXGroup;
			children = (
				244C63B426C0071500BF0876 /* Assets.xcassets */,
			);
			path = Resources;
			sourceTree = "<group>";
		};
		244C63C326C0080A00BF0876 /* SupportFiles */ = {
			isa = PBXGroup;
			children = (
				244C63AB26C0071400BF0876 /* AppDelegate.swift */,
				244C63AD26C0071400BF0876 /* SceneDelegate.swift */,
				244C63B926C0071500BF0876 /* Info.plist */,
			);
			path = SupportFiles;
			sourceTree = "<group>";
		};
/* End PBXGroup section */

/* Begin PBXNativeTarget section */
		244C63A726C0071400BF0876 /* App2.5 */ = {
			isa = PBXNativeTarget;
			buildConfigurationList = 244C63BC26C0071500BF0876 /* Build configuration list for PBXNativeTarget "App2.5" */;
			buildPhases = (
				244C63A426C0071400BF0876 /* Sources */,
				244C63A526C0071400BF0876 /* Frameworks */,
				244C63A626C0071400BF0876 /* Resources */,
			);
			buildRules = (
			);
			dependencies = (
			);
			name = App2.5;
			productName = App2.5;
			productReference = 244C63A826C0071400BF0876 /* App2.5.app */;
			productType = "com.apple.product-type.application";
		};
/* End PBXNativeTarget section */

/* Begin PBXProject section */
		244C63A026C0071400BF0876 /* Project object */ = {
			isa = PBXProject;
			attributes = {
				LastSwiftUpdateCheck = 1250;
				LastUpgradeCheck = 1250;
				TargetAttributes = {
					244C63A726C0071400BF0876 = {
						CreatedOnToolsVersion = 12.5.1;
					};
				};
			};
			buildConfigurationList = 244C63A326C0071400BF0876 /* Build configuration list for PBXProject "App2.5" */;
			compatibilityVersion = "Xcode 9.3";
			developmentRegion = en;
			hasScannedForEncodings = 0;
			knownRegions = (
				en,
				Base,
			);
			mainGroup = 244C639F26C0071400BF0876;
			productRefGroup = 244C63A926C0071400BF0876 /* Products */;
			projectDirPath = "";
			projectRoot = "";
			targets = (
				244C63A726C0071400BF0876 /* App2.5 */,
			);
		};
/* End PBXProject section */

/* Begin PBXResourcesBuildPhase section */
		244C63A626C0071400BF0876 /* Resources */ = {
			isa = PBXResourcesBuildPhase;
			buildActionMask = 2147483647;
			files = (
				244C63B826C0071500BF0876 /* LaunchScreen.storyboard in Resources */,
				244C63B526C0071500BF0876 /* Assets.xcassets in Resources */,
				244C63B326C0071400BF0876 /* Main.storyboard in Resources */,
			);
			runOnlyForDeploymentPostprocessing = 0;
		};
/* End PBXResourcesBuildPhase section */

/* Begin PBXSourcesBuildPhase section */
		244C63A426C0071400BF0876 /* Sources */ = {
			isa = PBXSourcesBuildPhase;
			buildActionMask = 2147483647;
			files = (
				244C63B026C0071400BF0876 /* ViewController.swift in Sources */,
				244C63C726C0314E00BF0876 /* Question.swift in Sources */,
				244C63AC26C0071400BF0876 /* AppDelegate.swift in Sources */,
				244C63AE26C0071400BF0876 /* SceneDelegate.swift in Sources */,
			);
			runOnlyForDeploymentPostprocessing = 0;
		};
/* End PBXSourcesBuildPhase section */

/* Begin PBXVariantGroup section */
		244C63B126C0071400BF0876 /* Main.storyboard */ = {
			isa = PBXVariantGroup;
			children = (
				244C63B226C0071400BF0876 /* Base */,
			);
			name = Main.storyboard;
			sourceTree = "<group>";
		};
		244C63B626C0071500BF0876 /* LaunchScreen.storyboard */ = {
			isa = PBXVariantGroup;
			children = (
				244C63B726C0071500BF0876 /* Base */,
			);
			name = LaunchScreen.storyboard;
			sourceTree = "<group>";
		};
/* End PBXVariantGroup section */

/* Begin XCBuildConfiguration section */
		244C63BA26C0071500BF0876 /* Debug */ = {
			isa = XCBuildConfiguration;
			buildSettings = {
				ALWAYS_SEARCH_USER_PATHS = NO;
				CLANG_ANALYZER_NONNULL = YES;
				CLANG_ANALYZER_NUMBER_OBJECT_CONVERSION = YES_AGGRESSIVE;
				CLANG_CXX_LANGUAGE_STANDARD = "gnu++14";
				CLANG_CXX_LIBRARY = "libc++";
				CLANG_ENABLE_MODULES = YES;
				CLANG_ENABLE_OBJC_ARC = YES;
				CLANG_ENABLE_OBJC_WEAK = YES;
				CLANG_WARN_BLOCK_CAPTURE_AUTORELEASING = YES;
				CLANG_WARN_BOOL_CONVERSION = YES;
				CLANG_WARN_COMMA = YES;
				CLANG_WARN_CONSTANT_CONVERSION = YES;
				CLANG_WARN_DEPRECATED_OBJC_IMPLEMENTATIONS = YES;
				CLANG_WARN_DIRECT_OBJC_ISA_USAGE = YES_ERROR;
				CLANG_WARN_DOCUMENTATION_COMMENTS = YES;
				CLANG_WARN_EMPTY_BODY = YES;
				CLANG_WARN_ENUM_CONVERSION = YES;
				CLANG_WARN_INFINITE_RECURSION = YES;
				CLANG_WARN_INT_CONVERSION = YES;
				CLANG_WARN_NON_LITERAL_NULL_CONVERSION = YES;
				CLANG_WARN_OBJC_IMPLICIT_RETAIN_SELF = YES;
				CLANG_WARN_OBJC_LITERAL_CONVERSION = YES;
				CLANG_WARN_OBJC_ROOT_CLASS = YES_ERROR;
				CLANG_WARN_QUOTED_INCLUDE_IN_FRAMEWORK_HEADER = YES;
				CLANG_WARN_RANGE_LOOP_ANALYSIS = YES;
				CLANG_WARN_STRICT_PROTOTYPES = YES;
				CLANG_WARN_SUSPICIOUS_MOVE = YES;
				CLANG_WARN_UNGUARDED_AVAILABILITY = YES_AGGRESSIVE;
				CLANG_WARN_UNREACHABLE_CODE = YES;
				CLANG_WARN__DUPLICATE_METHOD_MATCH = YES;
				COPY_PHASE_STRIP = NO;
				DEBUG_INFORMATION_FORMAT = dwarf;
				ENABLE_STRICT_OBJC_MSGSEND = YES;
				ENABLE_TESTABILITY = YES;
				GCC_C_LANGUAGE_STANDARD = gnu11;
				GCC_DYNAMIC_NO_PIC = NO;
				GCC_NO_COMMON_BLOCKS = YES;
				GCC_OPTIMIZATION_LEVEL = 0;
				GCC_PREPROCESSOR_DEFINITIONS = (
					"DEBUG=1",
					"$(inherited)",
				);
				GCC_WARN_64_TO_32_BIT_CONVERSION = YES;
				GCC_WARN_ABOUT_RETURN_TYPE = YES_ERROR;
				GCC_WARN_UNDECLARED_SELECTOR = YES;
				GCC_WARN_UNINITIALIZED_AUTOS = YES_AGGRESSIVE;
				GCC_WARN_UNUSED_FUNCTION = YES;
				GCC_WARN_UNUSED_VARIABLE = YES;
				IPHONEOS_DEPLOYMENT_TARGET = 14.5;
				MTL_ENABLE_DEBUG_INFO = INCLUDE_SOURCE;
				MTL_FAST_MATH = YES;
				ONLY_ACTIVE_ARCH = YES;
				SDKROOT = iphoneos;
				SWIFT_ACTIVE_COMPILATION_CONDITIONS = DEBUG;
				SWIFT_OPTIMIZATION_LEVEL = "-Onone";
			};
			name = Debug;
		};
		244C63BB26C0071500BF0876 /* Release */ = {
			isa = XCBuildConfiguration;
			buildSettings = {
				ALWAYS_SEARCH_USER_PATHS = NO;
				CLANG_ANALYZER_NONNULL = YES;
				CLANG_ANALYZER_NUMBER_OBJECT_CONVERSION = YES_AGGRESSIVE;
				CLANG_CXX_LANGUAGE_STANDARD = "gnu++14";
				CLANG_CXX_LIBRARY = "libc++";
				CLANG_ENABLE_MODULES = YES;
				CLANG_ENABLE_OBJC_ARC = YES;
				CLANG_ENABLE_OBJC_WEAK = YES;
				CLANG_WARN_BLOCK_CAPTURE_AUTORELEASING = YES;
				CLANG_WARN_BOOL_CONVERSION = YES;
				CLANG_WARN_COMMA = YES;
				CLANG_WARN_CONSTANT_CONVERSION = YES;
				CLANG_WARN_DEPRECATED_OBJC_IMPLEMENTATIONS = YES;
				CLANG_WARN_DIRECT_OBJC_ISA_USAGE = YES_ERROR;
				CLANG_WARN_DOCUMENTATION_COMMENTS = YES;
				CLANG_WARN_EMPTY_BODY = YES;
				CLANG_WARN_ENUM_CONVERSION = YES;
				CLANG_WARN_INFINITE_RECURSION = YES;
				CLANG_WARN_INT_CONVERSION = YES;
				CLANG_WARN_NON_LITERAL_NULL_CONVERSION = YES;
				CLANG_WARN_OBJC_IMPLICIT_RETAIN_SELF = YES;
				CLANG_WARN_OBJC_LITERAL_CONVERSION = YES;
				CLANG_WARN_OBJC_ROOT_CLASS = YES_ERROR;
				CLANG_WARN_QUOTED_INCLUDE_IN_FRAMEWORK_HEADER = YES;
				CLANG_WARN_RANGE_LOOP_ANALYSIS = YES;
				CLANG_WARN_STRICT_PROTOTYPES = YES;
				CLANG_WARN_SUSPICIOUS_MOVE = YES;
				CLANG_WARN_UNGUARDED_AVAILABILITY = YES_AGGRESSIVE;
				CLANG_WARN_UNREACHABLE_CODE = YES;
				CLANG_WARN__DUPLICATE_METHOD_MATCH = YES;
				COPY_PHASE_STRIP = NO;
				DEBUG_INFORMATION_FORMAT = "dwarf-with-dsym";
				ENABLE_NS_ASSERTIONS = NO;
				ENABLE_STRICT_OBJC_MSGSEND = YES;
				GCC_C_LANGUAGE_STANDARD = gnu11;
				GCC_NO_COMMON_BLOCKS = YES;
				GCC_WARN_64_TO_32_BIT_CONVERSION = YES;
				GCC_WARN_ABOUT_RETURN_TYPE = YES_ERROR;
				GCC_WARN_UNDECLARED_SELECTOR = YES;
				GCC_WARN_UNINITIALIZED_AUTOS = YES_AGGRESSIVE;
				GCC_WARN_UNUSED_FUNCTION = YES;
				GCC_WARN_UNUSED_VARIABLE = YES;
				IPHONEOS_DEPLOYMENT_TARGET = 14.5;
				MTL_ENABLE_DEBUG_INFO = NO;
				MTL_FAST_MATH = YES;
				SDKROOT = iphoneos;
				SWIFT_COMPILATION_MODE = wholemodule;
				SWIFT_OPTIMIZATION_LEVEL = "-O";
				VALIDATE_PRODUCT = YES;
			};
			name = Release;
		};
		244C63BD26C0071500BF0876 /* Debug */ = {
			isa = XCBuildConfiguration;
			buildSettings = {
				ASSETCATALOG_COMPILER_APPICON_NAME = AppIcon;
				ASSETCATALOG_COMPILER_GLOBAL_ACCENT_COLOR_NAME = AccentColor;
				CODE_SIGN_STYLE = Automatic;
				DEVELOPMENT_TEAM = FXN74639Q2;
				INFOPLIST_FILE = App2.5/SupportFiles/Info.plist;
				LD_RUNPATH_SEARCH_PATHS = (
					"$(inherited)",
					"@executable_path/Frameworks",
				);
				PRODUCT_BUNDLE_IDENTIFIER = "Zakir-Kazimov.App2-5";
				PRODUCT_NAME = "$(TARGET_NAME)";
				SWIFT_VERSION = 5.0;
				TARGETED_DEVICE_FAMILY = "1,2";
			};
			name = Debug;
		};
		244C63BE26C0071500BF0876 /* Release */ = {
			isa = XCBuildConfiguration;
			buildSettings = {
				ASSETCATALOG_COMPILER_APPICON_NAME = AppIcon;
				ASSETCATALOG_COMPILER_GLOBAL_ACCENT_COLOR_NAME = AccentColor;
				CODE_SIGN_STYLE = Automatic;
				DEVELOPMENT_TEAM = FXN74639Q2;
				INFOPLIST_FILE = App2.5/SupportFiles/Info.plist;
				LD_RUNPATH_SEARCH_PATHS = (
					"$(inherited)",
					"@executable_path/Frameworks",
				);
				PRODUCT_BUNDLE_IDENTIFIER = "Zakir-Kazimov.App2-5";
				PRODUCT_NAME = "$(TARGET_NAME)";
				SWIFT_VERSION = 5.0;
				TARGETED_DEVICE_FAMILY = "1,2";
			};
			name = Release;
		};
/* End XCBuildConfiguration section */

/* Begin XCConfigurationList section */
		244C63A326C0071400BF0876 /* Build configuration list for PBXProject "App2.5" */ = {
			isa = XCConfigurationList;
			buildConfigurations = (
				244C63BA26C0071500BF0876 /* Debug */,
				244C63BB26C0071500BF0876 /* Release */,
			);
			defaultConfigurationIsVisible = 0;
			defaultConfigurationName = Release;
		};
		244C63BC26C0071500BF0876 /* Build configuration list for PBXNativeTarget "App2.5" */ = {
			isa = XCConfigurationList;
			buildConfigurations = (
				244C63BD26C0071500BF0876 /* Debug */,
				244C63BE26C0071500BF0876 /* Release */,
			);
			defaultConfigurationIsVisible = 0;
			defaultConfigurationName = Release;
		};
/* End XCConfigurationList section */
	};
	rootObject = 244C63A026C0071400BF0876 /* Project object */;
}
